
Microsoft Visual Studio Solution File, Format Version 12.00
# Visual Studio Version 16
VisualStudioVersion = 16.0.30907.101
MinimumVisualStudioVersion = 10.0.40219.1
Project("{FAE04EC0-301F-11D3-BF4B-00C04F79EFBC}") = "InlamningsuppgiftEntity", "InlamningsuppgiftEntity\InlamningsuppgiftEntity.csproj", "{67339FA3-4718-45D2-8DD0-0C7F3BB4244B}"
EndProject
Global
	GlobalSection(SolutionConfigurationPlatforms) = preSolution
		Debug|Any CPU = Debug|Any CPU
		Release|Any CPU = Release|Any CPU
	EndGlobalSection
	GlobalSection(ProjectConfigurationPlatforms) = postSolution
		{67339FA3-4718-45D2-8DD0-0C7F3BB4244B}.Debug|Any CPU.ActiveCfg = Debug|Any CPU
		{67339FA3-4718-45D2-8DD0-0C7F3BB4244B}.Debug|Any CPU.Build.0 = Debug|Any CPU
		{67339FA3-4718-45D2-8DD0-0C7F3BB4244B}.Release|Any CPU.ActiveCfg = Release|Any CPU
		{67339FA3-4718-45D2-8DD0-0C7F3BB4244B}.Release|Any CPU.Build.0 = Release|Any CPU
	EndGlobalSection
	GlobalSection(SolutionProperties) = preSolution
		HideSolutionNode = FALSE
	EndGlobalSection
	GlobalSection(ExtensibilityGlobals) = postSolution
		SolutionGuid = {11BAE212-1CFB-41DE-8892-7BD3479339BD}
	EndGlobalSection
EndGlobal
